{
  "version": 4,
  "terraform_version": "1.14.8",
  "serial": 63,
  "lineage": "03aa7148-a3c1-dcaf-c7e6-e1d7b7ecd814",
  "outputs": {
    "bedrock_kb_role_arn": {
      "value": "arn:aws:iam::158986247723:role/geekbrain-bedrock-kb-role-dev",
      "type": "string"
    },
    "knowledge_base_name": {
      "value": "geekbrain-kb-dev",
      "type": "string"
    },
    "opensearch_collection_arn": {
      "value": "arn:aws:aoss:us-east-1:158986247723:collection/26grg5brr182b6172spk",
      "type": "string"
    },
    "opensearch_collection_endpoint": {
      "value": "https://26grg5brr182b6172spk.us-east-1.aoss.amazonaws.com",
      "type": "string"
    },
    "opensearch_collection_id": {
      "value": "26grg5brr182b6172spk",
      "type": "string"
    },
    "s3_bucket_arn": {
      "value": "arn:aws:s3:::geekbrain-kb-dev",
      "type": "string"
    },
    "s3_bucket_name": {
      "value": "geekbrain-kb-dev",
      "type": "string"
    },
    "s3_bucket_region": {
      "value": "us-east-1",
      "type": "string"
    },
    "uploaded_documents": {
      "value": [
        "knowledge_base/api_reference_v1_archived.md",
        "knowledge_base/api_reference_v2.md",
        "knowledge_base/api_webhooks.md",
        "knowledge_base/architecture_review_feb_2026.md",
        "knowledge_base/capacity_planning_q2_2026.md",
        "knowledge_base/change_management_policy.md",
        "knowledge_base/company_overview.md",
        "knowledge_base/cost_optimization_initiative.md",
        "knowledge_base/deployment_policy.md",
        "knowledge_base/incident_response_policy.md",
        "knowledge_base/monitoring_dashboard_guide.md",
        "knowledge_base/on_call_handbook.md",
        "knowledge_base/onboarding_guide.md",
        "knowledge_base/postmortem_INC001_paymentgw_jan.md",
        "knowledge_base/postmortem_INC004_authsvc.md",
        "knowledge_base/postmortem_INC005_paymentgw_mar.md",
        "knowledge_base/postmortem_INC006_frauddetector.md",
        "knowledge_base/postmortem_INC008_reportingsvc.md",
        "knowledge_base/q1_2026_review_notes.md",
        "knowledge_base/q4_2025_planning_notes.md",
        "knowledge_base/runbook_frauddetector_model_retraining.md",
        "knowledge_base/runbook_paymentgw_circuit_breaker.md",
        "knowledge_base/security_policy.md",
        "knowledge_base/service_authsvc.md",
        "knowledge_base/service_frauddetector.md",
        "knowledge_base/service_notificationsvc.md",
        "knowledge_base/service_ordersvc.md",
        "knowledge_base/service_paymentgw.md",
        "knowledge_base/service_reportingsvc.md",
        "knowledge_base/sla_policy.md",
        "knowledge_base/team_commerce.md",
        "knowledge_base/team_data.md",
        "knowledge_base/team_engagement.md",
        "knowledge_base/team_platform.md",
        "knowledge_base/tech_radar_2026.md",
        "knowledge_base/weekly_standup_mar10_2026.md"
      ],
      "type": [
        "tuple",
        [
          "string",
          "string",
          "string",
          "string",
          "string",
          "string",
          "string",
          "string",
          "string",
          "string",
          "string",
          "string",
          "string",
          "string",
          "string",
          "string",
          "string",
          "string",
          "string",
          "string",
          "string",
          "string",
          "string",
          "string",
          "string",
          "string",
          "string",
          "string",
          "string",
          "string",
          "string",
          "string",
          "string",
          "string",
          "string",
          "string"
        ]
      ]
    },
    "uploaded_documents_count": {
      "value": 36,
      "type": "number"
    }
  },
  "resources": [
    {
      "mode": "data",
      "type": "aws_caller_identity",
      "name": "current",
      "provider": "provider[\"registry.terraform.io/hashicorp/aws\"]",
      "instances": [
        {
          "schema_version": 0,
          "attributes": {
            "account_id": "158986247723",
            "arn": "arn:aws:iam::158986247723:user/dangnhatminh",
            "id": "158986247723",
            "user_id": "AIDASKBCRTYV32FO7LOL3"
          },
          "sensitive_attributes": [],
          "identity_schema_version": 0
        }
      ]
    },
    {
      "mode": "managed",
      "type": "aws_iam_role",
      "name": "bedrock_kb_role",
      "provider": "provider[\"registry.terraform.io/hashicorp/aws\"]",
      "instances": [
        {
          "schema_version": 0,
          "attributes": {
            "arn": "arn:aws:iam::158986247723:role/geekbrain-bedrock-kb-role-dev",
            "assume_role_policy": "{\"Statement\":[{\"Action\":\"sts:AssumeRole\",\"Condition\":{\"ArnLike\":{\"aws:SourceArn\":\"arn:aws:bedrock:us-east-1:158986247723:knowledge-base/*\"},\"StringEquals\":{\"aws:SourceAccount\":\"158986247723\"}},\"Effect\":\"Allow\",\"Principal\":{\"Service\":\"bedrock.amazonaws.com\"}}],\"Version\":\"2012-10-17\"}",
            "create_date": "2026-05-07T04:24:20Z",
            "description": "",
            "force_detach_policies": false,
            "id": "geekbrain-bedrock-kb-role-dev",
            "inline_policy": [
              {
                "name": "aoss-access",
                "policy": "{\"Version\":\"2012-10-17\",\"Statement\":[{\"Action\":[\"aoss:APIAccessAll\"],\"Effect\":\"Allow\",\"Resource\":[\"arn:aws:aoss:us-east-1:158986247723:collection/26grg5brr182b6172spk\"]}]}"
              },
              {
                "name": "bedrock-model-access",
                "policy": "{\"Version\":\"2012-10-17\",\"Statement\":[{\"Action\":[\"bedrock:InvokeModel\"],\"Effect\":\"Allow\",\"Resource\":[\"arn:aws:bedrock:us-east-1::foundation-model/amazon.titan-embed-text-v2:0\"]}]}"
              },
              {
                "name": "s3-access",
                "policy": "{\"Version\":\"2012-10-17\",\"Statement\":[{\"Action\":[\"s3:GetObject\",\"s3:ListBucket\"],\"Condition\":{\"StringEquals\":{\"aws:PrincipalAccount\":\"158986247723\"}},\"Effect\":\"Allow\",\"Resource\":[\"arn:aws:s3:::geekbrain-kb-dev\",\"arn:aws:s3:::geekbrain-kb-dev/*\"]}]}"
              }
            ],
            "managed_policy_arns": [],
            "max_session_duration": 3600,
            "name": "geekbrain-bedrock-kb-role-dev",
            "name_prefix": "",
            "path": "/",
            "permissions_boundary": "",
            "tags": {
              "Environment": "dev",
              "Name": "Bedrock KB Role",
              "Project": "W4-GeekBrain-AI"
            },
            "tags_all": {
              "Environment": "dev",
              "Name": "Bedrock KB Role",
              "Project": "W4-GeekBrain-AI"
            },
            "unique_id": "AROASKBCRTYVQK3PY46AQ"
          },
          "sensitive_attributes": [],
          "identity_schema_version": 0,
          "private": "bnVsbA==",
          "dependencies": [
            "data.aws_caller_identity.current"
          ]
        }
      ]
    },
    {
      "mode": "managed",
      "type": "aws_iam_role_policy",
      "name": "bedrock_kb_aoss_policy",
      "provider": "provider[\"registry.terraform.io/hashicorp/aws\"]",
      "instances": [
        {
          "schema_version": 0,
          "attributes": {
            "id": "geekbrain-bedrock-kb-role-dev:aoss-access",
            "name": "aoss-access",
            "name_prefix": "",
            "policy": "{\"Version\":\"2012-10-17\",\"Statement\":[{\"Action\":[\"aoss:APIAccessAll\"],\"Effect\":\"Allow\",\"Resource\":[\"arn:aws:aoss:us-east-1:158986247723:collection/26grg5brr182b6172spk\"]}]}",
            "role": "geekbrain-bedrock-kb-role-dev"
          },
          "sensitive_attributes": [],
          "identity_schema_version": 0,
          "private": "bnVsbA==",
          "dependencies": [
            "aws_iam_role.bedrock_kb_role",
            "aws_opensearchserverless_collection.kb_vector_store",
            "aws_opensearchserverless_security_policy.kb_encryption",
            "aws_opensearchserverless_security_policy.kb_network",
            "data.aws_caller_identity.current"
          ]
        }
      ]
    },
    {
      "mode": "managed",
      "type": "aws_iam_role_policy",
      "name": "bedrock_kb_model_policy",
      "provider": "provider[\"registry.terraform.io/hashicorp/aws\"]",
      "instances": [
        {
          "schema_version": 0,
          "attributes": {
            "id": "geekbrain-bedrock-kb-role-dev:bedrock-model-access",
            "name": "bedrock-model-access",
            "name_prefix": "",
            "policy": "{\"Version\":\"2012-10-17\",\"Statement\":[{\"Action\":[\"bedrock:InvokeModel\"],\"Effect\":\"Allow\",\"Resource\":[\"arn:aws:bedrock:us-east-1::foundation-model/amazon.titan-embed-text-v2:0\"]}]}",
            "role": "geekbrain-bedrock-kb-role-dev"
          },
          "sensitive_attributes": [],
          "identity_schema_version": 0,
          "private": "bnVsbA==",
          "dependencies": [
            "aws_iam_role.bedrock_kb_role",
            "data.aws_caller_identity.current"
          ]
        }
      ]
    },
    {
      "mode": "managed",
      "type": "aws_iam_role_policy",
      "name": "bedrock_kb_s3_policy",
      "provider": "provider[\"registry.terraform.io/hashicorp/aws\"]",
      "instances": [
        {
          "schema_version": 0,
          "attributes": {
            "id": "geekbrain-bedrock-kb-role-dev:s3-access",
            "name": "s3-access",
            "name_prefix": "",
            "policy": "{\"Version\":\"2012-10-17\",\"Statement\":[{\"Action\":[\"s3:GetObject\",\"s3:ListBucket\"],\"Condition\":{\"StringEquals\":{\"aws:PrincipalAccount\":\"158986247723\"}},\"Effect\":\"Allow\",\"Resource\":[\"arn:aws:s3:::geekbrain-kb-dev\",\"arn:aws:s3:::geekbrain-kb-dev/*\"]}]}",
            "role": "geekbrain-bedrock-kb-role-dev"
          },
          "sensitive_attributes": [],
          "identity_schema_version": 0,
          "private": "bnVsbA==",
          "dependencies": [
            "aws_iam_role.bedrock_kb_role",
            "aws_s3_bucket.knowledge_base",
            "data.aws_caller_identity.current"
          ]
        }
      ]
    },
    {
      "mode": "managed",
      "type": "aws_opensearchserverless_access_policy",
      "name": "kb_data_access",
      "provider": "provider[\"registry.terraform.io/hashicorp/aws\"]",
      "instances": [
        {
          "schema_version": 0,
          "attributes": {
            "description": null,
            "id": "geekbrain-kb-access-dev",
            "name": "geekbrain-kb-access-dev",
            "policy": "[{\"Principal\":[\"arn:aws:iam::158986247723:role/geekbrain-bedrock-kb-role-dev\",\"arn:aws:iam::158986247723:user/dangnhatminh\"],\"Rules\":[{\"Permission\":[\"aoss:CreateCollectionItems\",\"aoss:DeleteCollectionItems\",\"aoss:UpdateCollectionItems\",\"aoss:DescribeCollectionItems\"],\"Resource\":[\"collection/geekbrain-kb-dev\"],\"ResourceType\":\"collection\"},{\"Permission\":[\"aoss:CreateIndex\",\"aoss:DeleteIndex\",\"aoss:UpdateIndex\",\"aoss:DescribeIndex\",\"aoss:ReadDocument\",\"aoss:WriteDocument\"],\"Resource\":[\"index/geekbrain-kb-dev/*\"],\"ResourceType\":\"index\"}]}]",
            "policy_version": "MTc3ODEzMzg4MjQ5MF8y",
            "type": "data"
          },
          "sensitive_attributes": [],
          "identity_schema_version": 0,
          "dependencies": [
            "aws_iam_role.bedrock_kb_role",
            "data.aws_caller_identity.current"
          ]
        }
      ]
    },
    {
      "mode": "managed",
      "type": "aws_opensearchserverless_collection",
      "name": "kb_vector_store",
      "provider": "provider[\"registry.terraform.io/hashicorp/aws\"]",
      "instances": [
        {
          "schema_version": 0,
          "attributes": {
            "arn": "arn:aws:aoss:us-east-1:158986247723:collection/26grg5brr182b6172spk",
            "collection_endpoint": "https://26grg5brr182b6172spk.us-east-1.aoss.amazonaws.com",
            "dashboard_endpoint": "https://26grg5brr182b6172spk.us-east-1.aoss.amazonaws.com/_dashboards",
            "description": null,
            "id": "26grg5brr182b6172spk",
            "kms_key_arn": "auto",
            "name": "geekbrain-kb-dev",
            "standby_replicas": "ENABLED",
            "tags": {
              "Environment": "dev",
              "Name": "GeekBrain KB Vector Store",
              "Project": "W4-GeekBrain-AI"
            },
            "tags_all": {
              "Environment": "dev",
              "Name": "GeekBrain KB Vector Store",
              "Project": "W4-GeekBrain-AI"
            },
            "timeouts": null,
            "type": "VECTORSEARCH"
          },
          "sensitive_attributes": [],
          "identity_schema_version": 0,
          "dependencies": [
            "aws_opensearchserverless_security_policy.kb_encryption",
            "aws_opensearchserverless_security_policy.kb_network"
          ]
        }
      ]
    },
    {
      "mode": "managed",
      "type": "aws_opensearchserverless_security_policy",
      "name": "kb_encryption",
      "provider": "provider[\"registry.terraform.io/hashicorp/aws\"]",
      "instances": [
        {
          "schema_version": 0,
          "attributes": {
            "description": null,
            "id": "geekbrain-kb-encryption-dev",
            "name": "geekbrain-kb-encryption-dev",
            "policy": "{\"AWSOwnedKey\":true,\"Rules\":[{\"Resource\":[\"collection/geekbrain-kb-dev\"],\"ResourceType\":\"collection\"}]}",
            "policy_version": "MTc3ODEyNzg1OTgyOF8x",
            "type": "encryption"
          },
          "sensitive_attributes": [],
          "identity_schema_version": 0
        }
      ]
    },
    {
      "mode": "managed",
      "type": "aws_opensearchserverless_security_policy",
      "name": "kb_network",
      "provider": "provider[\"registry.terraform.io/hashicorp/aws\"]",
      "instances": [
        {
          "schema_version": 0,
          "attributes": {
            "description": null,
            "id": "geekbrain-kb-network-dev",
            "name": "geekbrain-kb-network-dev",
            "policy": "[{\"AllowFromPublic\":true,\"Rules\":[{\"Resource\":[\"collection/geekbrain-kb-dev\"],\"ResourceType\":\"collection\"}]}]",
            "policy_version": "MTc3ODEyNzg1OTg3MV8x",
            "type": "network"
          },
          "sensitive_attributes": [],
          "identity_schema_version": 0
        }
      ]
    },
    {
      "mode": "managed",
      "type": "aws_s3_bucket",
      "name": "knowledge_base",
      "provider": "provider[\"registry.terraform.io/hashicorp/aws\"]",
      "instances": [
        {
          "schema_version": 0,
          "attributes": {
            "acceleration_status": "",
            "acl": null,
            "arn": "arn:aws:s3:::geekbrain-kb-dev",
            "bucket": "geekbrain-kb-dev",
            "bucket_domain_name": "geekbrain-kb-dev.s3.amazonaws.com",
            "bucket_prefix": "",
            "bucket_regional_domain_name": "geekbrain-kb-dev.s3.us-east-1.amazonaws.com",
            "cors_rule": [],
            "force_destroy": false,
            "grant": [
              {
                "id": "c1379d7b0561ac4ffbd9997064df12f733ed23715abd40935956fd36acb5e929",
                "permissions": [
                  "FULL_CONTROL"
                ],
                "type": "CanonicalUser",
                "uri": ""
              }
            ],
            "hosted_zone_id": "Z3AQBSTGFYJSTF",
            "id": "geekbrain-kb-dev",
            "lifecycle_rule": [],
            "logging": [],
            "object_lock_configuration": [],
            "object_lock_enabled": false,
            "policy": "",
            "region": "us-east-1",
            "replication_configuration": [],
            "request_payer": "BucketOwner",
            "server_side_encryption_configuration": [
              {
                "rule": [
                  {
                    "apply_server_side_encryption_by_default": [
                      {
                        "kms_master_key_id": "",
                        "sse_algorithm": "AES256"
                      }
                    ],
                    "bucket_key_enabled": true
                  }
                ]
              }
            ],
            "tags": {
              "Environment": "dev",
              "Name": "GeekBrain Knowledge Base",
              "Project": "W4-GeekBrain-AI"
            },
            "tags_all": {
              "Environment": "dev",
              "Name": "GeekBrain Knowledge Base",
              "Project": "W4-GeekBrain-AI"
            },
            "timeouts": null,
            "versioning": [
              {
                "enabled": true,
                "mfa_delete": false
              }
            ],
            "website": [],
            "website_domain": null,
            "website_endpoint": null
          },
          "sensitive_attributes": [],
          "identity_schema_version": 0,
          "private": "eyJlMmJmYjczMC1lY2FhLTExZTYtOGY4OC0zNDM2M2JjN2M0YzAiOnsiY3JlYXRlIjoxMjAwMDAwMDAwMDAwLCJkZWxldGUiOjM2MDAwMDAwMDAwMDAsInJlYWQiOjEyMDAwMDAwMDAwMDAsInVwZGF0ZSI6MTIwMDAwMDAwMDAwMH19"
        }
      ]
    },
    {
      "mode": "managed",
      "type": "aws_s3_bucket_public_access_block",
      "name": "knowledge_base",
      "provider": "provider[\"registry.terraform.io/hashicorp/aws\"]",
      "instances": [
        {
          "schema_version": 0,
          "attributes": {
            "block_public_acls": true,
            "block_public_policy": true,
            "bucket": "geekbrain-kb-dev",
            "id": "geekbrain-kb-dev",
            "ignore_public_acls": true,
            "restrict_public_buckets": true
          },
          "sensitive_attributes": [],
          "identity_schema_version": 0,
          "private": "bnVsbA==",
          "dependencies": [
            "aws_s3_bucket.knowledge_base"
          ]
        }
      ]
    },
    {
      "mode": "managed",
      "type": "aws_s3_bucket_server_side_encryption_configuration",
      "name": "knowledge_base",
      "provider": "provider[\"registry.terraform.io/hashicorp/aws\"]",
      "instances": [
        {
          "schema_version": 0,
          "attributes": {
            "bucket": "geekbrain-kb-dev",
            "expected_bucket_owner": "",
            "id": "geekbrain-kb-dev",
            "rule": [
              {
                "apply_server_side_encryption_by_default": [
                  {
                    "kms_master_key_id": "",
                    "sse_algorithm": "AES256"
                  }
                ],
                "bucket_key_enabled": true
              }
            ]
          },
          "sensitive_attributes": [],
          "identity_schema_version": 0,
          "private": "bnVsbA==",
          "dependencies": [
            "aws_s3_bucket.knowledge_base"
          ]
        }
      ]
    },
    {
      "mode": "managed",
      "type": "aws_s3_bucket_versioning",
      "name": "knowledge_base",
      "provider": "provider[\"registry.terraform.io/hashicorp/aws\"]",
      "instances": [
        {
          "schema_version": 0,
          "attributes": {
            "bucket": "geekbrain-kb-dev",
            "expected_bucket_owner": "",
            "id": "geekbrain-kb-dev",
            "mfa": null,
            "versioning_configuration": [
              {
                "mfa_delete": "",
                "status": "Enabled"
              }
            ]
          },
          "sensitive_attributes": [],
          "identity_schema_version": 0,
          "private": "bnVsbA==",
          "dependencies": [
            "aws_s3_bucket.knowledge_base"
          ]
        }
      ]
    },
    {
      "mode": "managed",
      "type": "aws_s3_object",
      "name": "kb_documents",
      "provider": "provider[\"registry.terraform.io/hashicorp/aws\"]",
      "instances": [
        {
          "index_key": "api_reference_v1_archived.md",
          "schema_version": 0,
          "attributes": {
            "acl": null,
            "arn": "arn:aws:s3:::geekbrain-kb-dev/knowledge_base/api_reference_v1_archived.md",
            "bucket": "geekbrain-kb-dev",
            "bucket_key_enabled": false,
            "cache_control": "",
            "checksum_algorithm": null,
            "checksum_crc32": "",
            "checksum_crc32c": "",
            "checksum_crc64nvme": "",
            "checksum_sha1": "",
            "checksum_sha256": "",
            "content": null,
            "content_base64": null,
            "content_disposition": "",
            "content_encoding": "",
            "content_language": "",
            "content_type": "text/markdown",
            "etag": "8200e0d20ebf51b2311f726adcfb7513",
            "force_destroy": false,
            "id": "knowledge_base/api_reference_v1_archived.md",
            "key": "knowledge_base/api_reference_v1_archived.md",
            "kms_key_id": null,
            "metadata": {},
            "object_lock_legal_hold_status": "",
            "object_lock_mode": "",
            "object_lock_retain_until_date": "",
            "override_provider": [],
            "server_side_encryption": "AES256",
            "source": "./../data_package/knowledge_base/api_reference_v1_archived.md",
            "source_hash": null,
            "storage_class": "STANDARD",
            "tags": {},
            "tags_all": {},
            "version_id": "Tb2zHsiaDlUPYeYEY1e.akLPiY1z52DD",
            "website_redirect": ""
          },
          "sensitive_attributes": [],
          "identity_schema_version": 0,
          "private": "bnVsbA==",
          "dependencies": [
            "aws_s3_bucket.knowledge_base"
          ]
        },
        {
          "index_key": "api_reference_v2.md",
          "schema_version": 0,
          "attributes": {
            "acl": null,
            "arn": "arn:aws:s3:::geekbrain-kb-dev/knowledge_base/api_reference_v2.md",
            "bucket": "geekbrain-kb-dev",
            "bucket_key_enabled": false,
            "cache_control": "",
            "checksum_algorithm": null,
            "checksum_crc32": "",
            "checksum_crc32c": "",
            "checksum_crc64nvme": "",
            "checksum_sha1": "",
            "checksum_sha256": "",
            "content": null,
            "content_base64": null,
            "content_disposition": "",
            "content_encoding": "",
            "content_language": "",
            "content_type": "text/markdown",
            "etag": "1b5636a5f61e3a49827d4b272aac9911",
            "force_destroy": false,
            "id": "knowledge_base/api_reference_v2.md",
            "key": "knowledge_base/api_reference_v2.md",
            "kms_key_id": null,
            "metadata": {},
            "object_lock_legal_hold_status": "",
            "object_lock_mode": "",
            "object_lock_retain_until_date": "",
            "override_provider": [],
            "server_side_encryption": "AES256",
            "source": "./../data_package/knowledge_base/api_reference_v2.md",
            "source_hash": null,
            "storage_class": "STANDARD",
            "tags": {},
            "tags_all": {},
            "version_id": "4_eyfKYSESEYld52rfwOEPjJVZFiaXaJ",
            "website_redirect": ""
          },
          "sensitive_attributes": [],
          "identity_schema_version": 0,
          "private": "bnVsbA==",
          "dependencies": [
            "aws_s3_bucket.knowledge_base"
          ]
        },
        {
          "index_key": "api_webhooks.md",
          "schema_version": 0,
          "attributes": {
            "acl": null,
            "arn": "arn:aws:s3:::geekbrain-kb-dev/knowledge_base/api_webhooks.md",
            "bucket": "geekbrain-kb-dev",
            "bucket_key_enabled": false,
            "cache_control": "",
            "checksum_algorithm": null,
            "checksum_crc32": "",
            "checksum_crc32c": "",
            "checksum_crc64nvme": "",
            "checksum_sha1": "",
            "checksum_sha256": "",
            "content": null,
            "content_base64": null,
            "content_disposition": "",
            "content_encoding": "",
            "content_language": "",
            "content_type": "text/markdown",
            "etag": "149c24a2f6abadbeb3f9f24c5a395272",
            "force_destroy": false,
            "id": "knowledge_base/api_webhooks.md",
            "key": "knowledge_base/api_webhooks.md",
            "kms_key_id": null,
            "metadata": {},
            "object_lock_legal_hold_status": "",
            "object_lock_mode": "",
            "object_lock_retain_until_date": "",
            "override_provider": [],
            "server_side_encryption": "AES256",
            "source": "./../data_package/knowledge_base/api_webhooks.md",
            "source_hash": null,
            "storage_class": "STANDARD",
            "tags": {},
            "tags_all": {},
            "version_id": "w4ew7g66.7ICuGbpkqizEZXMNdE0ptlN",
            "website_redirect": ""
          },
          "sensitive_attributes": [],
          "identity_schema_version": 0,
          "private": "bnVsbA==",
          "dependencies": [
            "aws_s3_bucket.knowledge_base"
          ]
        },
        {
          "index_key": "architecture_review_feb_2026.md",
          "schema_version": 0,
          "attributes": {
            "acl": null,
            "arn": "arn:aws:s3:::geekbrain-kb-dev/knowledge_base/architecture_review_feb_2026.md",
            "bucket": "geekbrain-kb-dev",
            "bucket_key_enabled": false,
            "cache_control": "",
            "checksum_algorithm": null,
            "checksum_crc32": "",
            "checksum_crc32c": "",
            "checksum_crc64nvme": "",
            "checksum_sha1": "",
            "checksum_sha256": "",
            "content": null,
            "content_base64": null,
            "content_disposition": "",
            "content_encoding": "",
            "content_language": "",
            "content_type": "text/markdown",
            "etag": "0efeacc4a1a1b1f08151732b9f93f9e9",
            "force_destroy": false,
            "id": "knowledge_base/architecture_review_feb_2026.md",
            "key": "knowledge_base/architecture_review_feb_2026.md",
            "kms_key_id": null,
            "metadata": {},
            "object_lock_legal_hold_status": "",
            "object_lock_mode": "",
            "object_lock_retain_until_date": "",
            "override_provider": [],
            "server_side_encryption": "AES256",
            "source": "./../data_package/knowledge_base/architecture_review_feb_2026.md",
            "source_hash": null,
            "storage_class": "STANDARD",
            "tags": {},
            "tags_all": {},
            "version_id": "qymrY5pxjWDD.ns1UVnkzY1xBOv0VKI.",
            "website_redirect": ""
          },
          "sensitive_attributes": [],
          "identity_schema_version": 0,
          "private": "bnVsbA==",
          "dependencies": [
            "aws_s3_bucket.knowledge_base"
          ]
        },
        {
          "index_key": "capacity_planning_q2_2026.md",
          "schema_version": 0,
          "attributes": {
            "acl": null,
            "arn": "arn:aws:s3:::geekbrain-kb-dev/knowledge_base/capacity_planning_q2_2026.md",
            "bucket": "geekbrain-kb-dev",
            "bucket_key_enabled": false,
            "cache_control": "",
            "checksum_algorithm": null,
            "checksum_crc32": "",
            "checksum_crc32c": "",
            "checksum_crc64nvme": "",
            "checksum_sha1": "",
            "checksum_sha256": "",
            "content": null,
            "content_base64": null,
            "content_disposition": "",
            "content_encoding": "",
            "content_language": "",
            "content_type": "text/markdown",
            "etag": "d65aef724ffc622b75f74f14fda90652",
            "force_destroy": false,
            "id": "knowledge_base/capacity_planning_q2_2026.md",
            "key": "knowledge_base/capacity_planning_q2_2026.md",
            "kms_key_id": null,
            "metadata": {},
            "object_lock_legal_hold_status": "",
            "object_lock_mode": "",
            "object_lock_retain_until_date": "",
            "override_provider": [],
            "server_side_encryption": "AES256",
            "source": "./../data_package/knowledge_base/capacity_planning_q2_2026.md",
            "source_hash": null,
            "storage_class": "STANDARD",
            "tags": {},
            "tags_all": {},
            "version_id": "N8LdQunHCKZNG.7Om4A7hXf0z41WVTEj",
            "website_redirect": ""
          },
          "sensitive_attributes": [],
          "identity_schema_version": 0,
          "private": "bnVsbA==",
          "dependencies": [
            "aws_s3_bucket.knowledge_base"
          ]
        },
        {
          "index_key": "change_management_policy.md",
          "schema_version": 0,
          "attributes": {
            "acl": null,
            "arn": "arn:aws:s3:::geekbrain-kb-dev/knowledge_base/change_management_policy.md",
            "bucket": "geekbrain-kb-dev",
            "bucket_key_enabled": false,
            "cache_control": "",
            "checksum_algorithm": null,
            "checksum_crc32": "",
            "checksum_crc32c": "",
            "checksum_crc64nvme": "",
            "checksum_sha1": "",
            "checksum_sha256": "",
            "content": null,
            "content_base64": null,
            "content_disposition": "",
            "content_encoding": "",
            "content_language": "",
            "content_type": "text/markdown",
            "etag": "92aaca32549712d5204107d0b9333088",
            "force_destroy": false,
            "id": "knowledge_base/change_management_policy.md",
            "key": "knowledge_base/change_management_policy.md",
            "kms_key_id": null,
            "metadata": {},
            "object_lock_legal_hold_status": "",
            "object_lock_mode": "",
            "object_lock_retain_until_date": "",
            "override_provider": [],
            "server_side_encryption": "AES256",
            "source": "./../data_package/knowledge_base/change_management_policy.md",
            "source_hash": null,
            "storage_class": "STANDARD",
            "tags": {},
            "tags_all": {},
            "version_id": "VnEINV8JZYlGlA9bzsn6b908tuLq0HeX",
            "website_redirect": ""
          },
          "sensitive_attributes": [],
          "identity_schema_version": 0,
          "private": "bnVsbA==",
          "dependencies": [
            "aws_s3_bucket.knowledge_base"
          ]
        },
        {
          "index_key": "company_overview.md",
          "schema_version": 0,
          "attributes": {
            "acl": null,
            "arn": "arn:aws:s3:::geekbrain-kb-dev/knowledge_base/company_overview.md",
            "bucket": "geekbrain-kb-dev",
            "bucket_key_enabled": false,
            "cache_control": "",
            "checksum_algorithm": null,
            "checksum_crc32": "",
            "checksum_crc32c": "",
            "checksum_crc64nvme": "",
            "checksum_sha1": "",
            "checksum_sha256": "",
            "content": null,
            "content_base64": null,
            "content_disposition": "",
            "content_encoding": "",
            "content_language": "",
            "content_type": "text/markdown",
            "etag": "cabcf660e595a75c4a493b9456b4d859",
            "force_destroy": false,
            "id": "knowledge_base/company_overview.md",
            "key": "knowledge_base/company_overview.md",
            "kms_key_id": null,
            "metadata": {},
            "object_lock_legal_hold_status": "",
            "object_lock_mode": "",
            "object_lock_retain_until_date": "",
            "override_provider": [],
            "server_side_encryption": "AES256",
            "source": "./../data_package/knowledge_base/company_overview.md",
            "source_hash": null,
            "storage_class": "STANDARD",
            "tags": {},
            "tags_all": {},
            "version_id": "kVLuRbdRzolq_8fj6EspRfpmJmMO1MrX",
            "website_redirect": ""
          },
          "sensitive_attributes": [],
          "identity_schema_version": 0,
          "private": "bnVsbA==",
          "dependencies": [
            "aws_s3_bucket.knowledge_base"
          ]
        },
        {
          "index_key": "cost_optimization_initiative.md",
          "schema_version": 0,
          "attributes": {
            "acl": null,
            "arn": "arn:aws:s3:::geekbrain-kb-dev/knowledge_base/cost_optimization_initiative.md",
            "bucket": "geekbrain-kb-dev",
            "bucket_key_enabled": false,
            "cache_control": "",
            "checksum_algorithm": null,
            "checksum_crc32": "",
            "checksum_crc32c": "",
            "checksum_crc64nvme": "",
            "checksum_sha1": "",
            "checksum_sha256": "",
            "content": null,
            "content_base64": null,
            "content_disposition": "",
            "content_encoding": "",
            "content_language": "",
            "content_type": "text/markdown",
            "etag": "73c4854614c2b630387a4afe7d25741d",
            "force_destroy": false,
            "id": "knowledge_base/cost_optimization_initiative.md",
            "key": "knowledge_base/cost_optimization_initiative.md",
            "kms_key_id": null,
            "metadata": {},
            "object_lock_legal_hold_status": "",
            "object_lock_mode": "",
            "object_lock_retain_until_date": "",
            "override_provider": [],
            "server_side_encryption": "AES256",
            "source": "./../data_package/knowledge_base/cost_optimization_initiative.md",
            "source_hash": null,
            "storage_class": "STANDARD",
            "tags": {},
            "tags_all": {},
            "version_id": "NAhX2OlR8u4W91Tp.0GaLjwYos2hjCIb",
            "website_redirect": ""
          },
          "sensitive_attributes": [],
          "identity_schema_version": 0,
          "private": "bnVsbA==",
          "dependencies": [
            "aws_s3_bucket.knowledge_base"
          ]
        },
        {
          "index_key": "deployment_policy.md",
          "schema_version": 0,
          "attributes": {
            "acl": null,
            "arn": "arn:aws:s3:::geekbrain-kb-dev/knowledge_base/deployment_policy.md",
            "bucket": "geekbrain-kb-dev",
            "bucket_key_enabled": false,
            "cache_control": "",
            "checksum_algorithm": null,
            "checksum_crc32": "",
            "checksum_crc32c": "",
            "checksum_crc64nvme": "",
            "checksum_sha1": "",
            "checksum_sha256": "",
            "content": null,
            "content_base64": null,
            "content_disposition": "",
            "content_encoding": "",
            "content_language": "",
            "content_type": "text/markdown",
            "etag": "bc8a94f60d618ab84a0e95baa745a160",
            "force_destroy": false,
            "id": "knowledge_base/deployment_policy.md",
            "key": "knowledge_base/deployment_policy.md",
            "kms_key_id": null,
            "metadata": {},
            "object_lock_legal_hold_status": "",
            "object_lock_mode": "",
            "object_lock_retain_until_date": "",
            "override_provider": [],
            "server_side_encryption": "AES256",
            "source": "./../data_package/knowledge_base/deployment_policy.md",
            "source_hash": null,
            "storage_class": "STANDARD",
            "tags": {},
            "tags_all": {},
            "version_id": "_vSwc0rFo4SMe8OwEDQT50o_drDRoWaZ",
            "website_redirect": ""
          },
          "sensitive_attributes": [],
          "identity_schema_version": 0,
          "private": "bnVsbA==",
          "dependencies": [
            "aws_s3_bucket.knowledge_base"
          ]
        },
        {
          "index_key": "incident_response_policy.md",
          "schema_version": 0,
          "attributes": {
            "acl": null,
            "arn": "arn:aws:s3:::geekbrain-kb-dev/knowledge_base/incident_response_policy.md",
            "bucket": "geekbrain-kb-dev",
            "bucket_key_enabled": false,
            "cache_control": "",
            "checksum_algorithm": null,
            "checksum_crc32": "",
            "checksum_crc32c": "",
            "checksum_crc64nvme": "",
            "checksum_sha1": "",
            "checksum_sha256": "",
            "content": null,
            "content_base64": null,
            "content_disposition": "",
            "content_encoding": "",
            "content_language": "",
            "content_type": "text/markdown",
            "etag": "8bc566cf5f948e42fd60ba4f605f7d49",
            "force_destroy": false,
            "id": "knowledge_base/incident_response_policy.md",
            "key": "knowledge_base/incident_response_policy.md",
            "kms_key_id": null,
            "metadata": {},
            "object_lock_legal_hold_status": "",
            "object_lock_mode": "",
            "object_lock_retain_until_date": "",
            "override_provider": [],
            "server_side_encryption": "AES256",
            "source": "./../data_package/knowledge_base/incident_response_policy.md",
            "source_hash": null,
            "storage_class": "STANDARD",
            "tags": {},
            "tags_all": {},
            "version_id": "2B12DtkeCkob1KZi5_N3vTT6HVTXgFzG",
            "website_redirect": ""
          },
          "sensitive_attributes": [],
          "identity_schema_version": 0,
          "private": "bnVsbA==",
          "dependencies": [
            "aws_s3_bucket.knowledge_base"
          ]
        },
        {
          "index_key": "monitoring_dashboard_guide.md",
          "schema_version": 0,
          "attributes": {
            "acl": null,
            "arn": "arn:aws:s3:::geekbrain-kb-dev/knowledge_base/monitoring_dashboard_guide.md",
            "bucket": "geekbrain-kb-dev",
            "bucket_key_enabled": false,
            "cache_control": "",
            "checksum_algorithm": null,
            "checksum_crc32": "",
            "checksum_crc32c": "",
            "checksum_crc64nvme": "",
            "checksum_sha1": "",
            "checksum_sha256": "",
            "content": null,
            "content_base64": null,
            "content_disposition": "",
            "content_encoding": "",
            "content_language": "",
            "content_type": "text/markdown",
            "etag": "53d7e16f56ede57cc743ba8ab8aa4a4b",
            "force_destroy": false,
            "id": "knowledge_base/monitoring_dashboard_guide.md",
            "key": "knowledge_base/monitoring_dashboard_guide.md",
            "kms_key_id": null,
            "metadata": {},
            "object_lock_legal_hold_status": "",
            "object_lock_mode": "",
            "object_lock_retain_until_date": "",
            "override_provider": [],
            "server_side_encryption": "AES256",
            "source": "./../data_package/knowledge_base/monitoring_dashboard_guide.md",
            "source_hash": null,
            "storage_class": "STANDARD",
            "tags": {},
            "tags_all": {},
            "version_id": "RZW_mTErQ3E9chSXNX3jER.pHu1QgPUQ",
            "website_redirect": ""
          },
          "sensitive_attributes": [],
          "identity_schema_version": 0,
          "private": "bnVsbA==",
          "dependencies": [
            "aws_s3_bucket.knowledge_base"
          ]
        },
        {
          "index_key": "on_call_handbook.md",
          "schema_version": 0,
          "attributes": {
            "acl": null,
            "arn": "arn:aws:s3:::geekbrain-kb-dev/knowledge_base/on_call_handbook.md",
            "bucket": "geekbrain-kb-dev",
            "bucket_key_enabled": false,
            "cache_control": "",
            "checksum_algorithm": null,
            "checksum_crc32": "",
            "checksum_crc32c": "",
            "checksum_crc64nvme": "",
            "checksum_sha1": "",
            "checksum_sha256": "",
            "content": null,
            "content_base64": null,
            "content_disposition": "",
            "content_encoding": "",
            "content_language": "",
            "content_type": "text/markdown",
            "etag": "4798ebc9062286094190d291efc076bf",
            "force_destroy": false,
            "id": "knowledge_base/on_call_handbook.md",
            "key": "knowledge_base/on_call_handbook.md",
            "kms_key_id": null,
            "metadata": {},
            "object_lock_legal_hold_status": "",
            "object_lock_mode": "",
            "object_lock_retain_until_date": "",
            "override_provider": [],
            "server_side_encryption": "AES256",
            "source": "./../data_package/knowledge_base/on_call_handbook.md",
            "source_hash": null,
            "storage_class": "STANDARD",
            "tags": {},
            "tags_all": {},
            "version_id": "wm5puDKR16R6ifReowAedRPkZvGotqBD",
            "website_redirect": ""
          },
          "sensitive_attributes": [],
          "identity_schema_version": 0,
          "private": "bnVsbA==",
          "dependencies": [
            "aws_s3_bucket.knowledge_base"
          ]
        },
        {
          "index_key": "onboarding_guide.md",
          "schema_version": 0,
          "attributes": {
            "acl": null,
            "arn": "arn:aws:s3:::geekbrain-kb-dev/knowledge_base/onboarding_guide.md",
            "bucket": "geekbrain-kb-dev",
            "bucket_key_enabled": false,
            "cache_control": "",
            "checksum_algorithm": null,
            "checksum_crc32": "",
            "checksum_crc32c": "",
            "checksum_crc64nvme": "",
            "checksum_sha1": "",
            "checksum_sha256": "",
            "content": null,
            "content_base64": null,
            "content_disposition": "",
            "content_encoding": "",
            "content_language": "",
            "content_type": "text/markdown",
            "etag": "3e82f5063fd7e7ad12f413fba058a26d",
            "force_destroy": false,
            "id": "knowledge_base/onboarding_guide.md",
            "key": "knowledge_base/onboarding_guide.md",
            "kms_key_id": null,
            "metadata": {},
            "object_lock_legal_hold_status": "",
            "object_lock_mode": "",
            "object_lock_retain_until_date": "",
            "override_provider": [],
            "server_side_encryption": "AES256",
            "source": "./../data_package/knowledge_base/onboarding_guide.md",
            "source_hash": null,
            "storage_class": "STANDARD",
            "tags": {},
            "tags_all": {},
            "version_id": "xjbUkSMCJZ5DTKT7bOJVPX1wF8uzhXL3",
            "website_redirect": ""
          },
          "sensitive_attributes": [],
          "identity_schema_version": 0,
          "private": "bnVsbA==",
          "dependencies": [
            "aws_s3_bucket.knowledge_base"
          ]
        },
        {
          "index_key": "postmortem_INC001_paymentgw_jan.md",
          "schema_version": 0,
          "attributes": {
            "acl": null,
            "arn": "arn:aws:s3:::geekbrain-kb-dev/knowledge_base/postmortem_INC001_paymentgw_jan.md",
            "bucket": "geekbrain-kb-dev",
            "bucket_key_enabled": false,
            "cache_control": "",
            "checksum_algorithm": null,
            "checksum_crc32": "",
            "checksum_crc32c": "",
            "checksum_crc64nvme": "",
            "checksum_sha1": "",
            "checksum_sha256": "",
            "content": null,
            "content_base64": null,
            "content_disposition": "",
            "content_encoding": "",
            "content_language": "",
            "content_type": "text/markdown",
            "etag": "e4df77f5444ef2c15a50d52038e4c335",
            "force_destroy": false,
            "id": "knowledge_base/postmortem_INC001_paymentgw_jan.md",
            "key": "knowledge_base/postmortem_INC001_paymentgw_jan.md",
            "kms_key_id": null,
            "metadata": {},
            "object_lock_legal_hold_status": "",
            "object_lock_mode": "",
            "object_lock_retain_until_date": "",
            "override_provider": [],
            "server_side_encryption": "AES256",
            "source": "./../data_package/knowledge_base/postmortem_INC001_paymentgw_jan.md",
            "source_hash": null,
            "storage_class": "STANDARD",
            "tags": {},
            "tags_all": {},
            "version_id": "jhqRtxPXQs_TOyMj49HywNNodKMEZd7M",
            "website_redirect": ""
          },
          "sensitive_attributes": [],
          "identity_schema_version": 0,
          "private": "bnVsbA==",
          "dependencies": [
            "aws_s3_bucket.knowledge_base"
          ]
        },
        {
          "index_key": "postmortem_INC004_authsvc.md",
          "schema_version": 0,
          "attributes": {
            "acl": null,
            "arn": "arn:aws:s3:::geekbrain-kb-dev/knowledge_base/postmortem_INC004_authsvc.md",
            "bucket": "geekbrain-kb-dev",
            "bucket_key_enabled": false,
            "cache_control": "",
            "checksum_algorithm": null,
            "checksum_crc32": "",
            "checksum_crc32c": "",
            "checksum_crc64nvme": "",
            "checksum_sha1": "",
            "checksum_sha256": "",
            "content": null,
            "content_base64": null,
            "content_disposition": "",
            "content_encoding": "",
            "content_language": "",
            "content_type": "text/markdown",
            "etag": "0d173b910015c8f92fa13f656ca3556a",
            "force_destroy": false,
            "id": "knowledge_base/postmortem_INC004_authsvc.md",
            "key": "knowledge_base/postmortem_INC004_authsvc.md",
            "kms_key_id": null,
            "metadata": {},
            "object_lock_legal_hold_status": "",
            "object_lock_mode": "",
            "object_lock_retain_until_date": "",
            "override_provider": [],
            "server_side_encryption": "AES256",
            "source": "./../data_package/knowledge_base/postmortem_INC004_authsvc.md",
            "source_hash": null,
            "storage_class": "STANDARD",
            "tags": {},
            "tags_all": {},
            "version_id": "a6TEpU9UsNsK5X0YBYNfFOIuMj9RcL3g",
            "website_redirect": ""
          },
          "sensitive_attributes": [],
          "identity_schema_version": 0,
          "private": "bnVsbA==",
          "dependencies": [
            "aws_s3_bucket.knowledge_base"
          ]
        },
        {
          "index_key": "postmortem_INC005_paymentgw_mar.md",
          "schema_version": 0,
          "attributes": {
            "acl": null,
            "arn": "arn:aws:s3:::geekbrain-kb-dev/knowledge_base/postmortem_INC005_paymentgw_mar.md",
            "bucket": "geekbrain-kb-dev",
            "bucket_key_enabled": false,
            "cache_control": "",
            "checksum_algorithm": null,
            "checksum_crc32": "",
            "checksum_crc32c": "",
            "checksum_crc64nvme": "",
            "checksum_sha1": "",
            "checksum_sha256": "",
            "content": null,
            "content_base64": null,
            "content_disposition": "",
            "content_encoding": "",
            "content_language": "",
            "content_type": "text/markdown",
            "etag": "f1697c601e7939ab95f1243917f33b30",
            "force_destroy": false,
            "id": "knowledge_base/postmortem_INC005_paymentgw_mar.md",
            "key": "knowledge_base/postmortem_INC005_paymentgw_mar.md",
            "kms_key_id": null,
            "metadata": {},
            "object_lock_legal_hold_status": "",
            "object_lock_mode": "",
            "object_lock_retain_until_date": "",
            "override_provider": [],
            "server_side_encryption": "AES256",
            "source": "./../data_package/knowledge_base/postmortem_INC005_paymentgw_mar.md",
            "source_hash": null,
            "storage_class": "STANDARD",
            "tags": {},
            "tags_all": {},
            "version_id": "2mF2NFnd161iEkCV5qzhNhkxooN2JTyY",
            "website_redirect": ""
          },
          "sensitive_attributes": [],
          "identity_schema_version": 0,
          "private": "bnVsbA==",
          "dependencies": [
            "aws_s3_bucket.knowledge_base"
          ]
        },
        {
          "index_key": "postmortem_INC006_frauddetector.md",
          "schema_version": 0,
          "attributes": {
            "acl": null,
            "arn": "arn:aws:s3:::geekbrain-kb-dev/knowledge_base/postmortem_INC006_frauddetector.md",
            "bucket": "geekbrain-kb-dev",
            "bucket_key_enabled": false,
            "cache_control": "",
            "checksum_algorithm": null,
            "checksum_crc32": "",
            "checksum_crc32c": "",
            "checksum_crc64nvme": "",
            "checksum_sha1": "",
            "checksum_sha256": "",
            "content": null,
            "content_base64": null,
            "content_disposition": "",
            "content_encoding": "",
            "content_language": "",
            "content_type": "text/markdown",
            "etag": "b4be1ef5782c2ab5af328f6ad712d028",
            "force_destroy": false,
            "id": "knowledge_base/postmortem_INC006_frauddetector.md",
            "key": "knowledge_base/postmortem_INC006_frauddetector.md",
            "kms_key_id": null,
            "metadata": {},
            "object_lock_legal_hold_status": "",
            "object_lock_mode": "",
            "object_lock_retain_until_date": "",
            "override_provider": [],
            "server_side_encryption": "AES256",
            "source": "./../data_package/knowledge_base/postmortem_INC006_frauddetector.md",
            "source_hash": null,
            "storage_class": "STANDARD",
            "tags": {},
            "tags_all": {},
            "version_id": "eVMRxNFAZS6OfWrR.kBX3Kc5k6peHd6T",
            "website_redirect": ""
          },
          "sensitive_attributes": [],
          "identity_schema_version": 0,
          "private": "bnVsbA==",
          "dependencies": [
            "aws_s3_bucket.knowledge_base"
          ]
        },
        {
          "index_key": "postmortem_INC008_reportingsvc.md",
          "schema_version": 0,
          "attributes": {
            "acl": null,
            "arn": "arn:aws:s3:::geekbrain-kb-dev/knowledge_base/postmortem_INC008_reportingsvc.md",
            "bucket": "geekbrain-kb-dev",
            "bucket_key_enabled": false,
            "cache_control": "",
            "checksum_algorithm": null,
            "checksum_crc32": "",
            "checksum_crc32c": "",
            "checksum_crc64nvme": "",
            "checksum_sha1": "",
            "checksum_sha256": "",
            "content": null,
            "content_base64": null,
            "content_disposition": "",
            "content_encoding": "",
            "content_language": "",
            "content_type": "text/markdown",
            "etag": "1e535304641455fb25a879ea7d24ade4",
            "force_destroy": false,
            "id": "knowledge_base/postmortem_INC008_reportingsvc.md",
            "key": "knowledge_base/postmortem_INC008_reportingsvc.md",
            "kms_key_id": null,
            "metadata": {},
            "object_lock_legal_hold_status": "",
            "object_lock_mode": "",
            "object_lock_retain_until_date": "",
            "override_provider": [],
            "server_side_encryption": "AES256",
            "source": "./../data_package/knowledge_base/postmortem_INC008_reportingsvc.md",
            "source_hash": null,
            "storage_class": "STANDARD",
            "tags": {},
            "tags_all": {},
            "version_id": "fp6C5XColMXiYZAaiaUMatApoanBGpV5",
            "website_redirect": ""
          },
          "sensitive_attributes": [],
          "identity_schema_version": 0,
          "private": "bnVsbA==",
          "dependencies": [
            "aws_s3_bucket.knowledge_base"
          ]
        },
        {
          "index_key": "q1_2026_review_notes.md",
          "schema_version": 0,
          "attributes": {
            "acl": null,
            "arn": "arn:aws:s3:::geekbrain-kb-dev/knowledge_base/q1_2026_review_notes.md",
            "bucket": "geekbrain-kb-dev",
            "bucket_key_enabled": false,
            "cache_control": "",
            "checksum_algorithm": null,
            "checksum_crc32": "",
            "checksum_crc32c": "",
            "checksum_crc64nvme": "",
            "checksum_sha1": "",
            "checksum_sha256": "",
            "content": null,
            "content_base64": null,
            "content_disposition": "",
            "content_encoding": "",
            "content_language": "",
            "content_type": "text/markdown",
            "etag": "8d9f8c117724ddcf3f07adb98b9211a7",
            "force_destroy": false,
            "id": "knowledge_base/q1_2026_review_notes.md",
            "key": "knowledge_base/q1_2026_review_notes.md",
            "kms_key_id": null,
            "metadata": {},
            "object_lock_legal_hold_status": "",
            "object_lock_mode": "",
            "object_lock_retain_until_date": "",
            "override_provider": [],
            "server_side_encryption": "AES256",
            "source": "./../data_package/knowledge_base/q1_2026_review_notes.md",
            "source_hash": null,
            "storage_class": "STANDARD",
            "tags": {},
            "tags_all": {},
            "version_id": "Gt4m5XIvGbzcvWUzg62G.EWizr19JPrl",
            "website_redirect": ""
          },
          "sensitive_attributes": [],
          "identity_schema_version": 0,
          "private": "bnVsbA==",
          "dependencies": [
            "aws_s3_bucket.knowledge_base"
          ]
        },
        {
          "index_key": "q4_2025_planning_notes.md",
          "schema_version": 0,
          "attributes": {
            "acl": null,
            "arn": "arn:aws:s3:::geekbrain-kb-dev/knowledge_base/q4_2025_planning_notes.md",
            "bucket": "geekbrain-kb-dev",
            "bucket_key_enabled": false,
            "cache_control": "",
            "checksum_algorithm": null,
            "checksum_crc32": "",
            "checksum_crc32c": "",
            "checksum_crc64nvme": "",
            "checksum_sha1": "",
            "checksum_sha256": "",
            "content": null,
            "content_base64": null,
            "content_disposition": "",
            "content_encoding": "",
            "content_language": "",
            "content_type": "text/markdown",
            "etag": "203109731aa71e352187ef4e35264345",
            "force_destroy": false,
            "id": "knowledge_base/q4_2025_planning_notes.md",
            "key": "knowledge_base/q4_2025_planning_notes.md",
            "kms_key_id": null,
            "metadata": {},
            "object_lock_legal_hold_status": "",
            "object_lock_mode": "",
            "object_lock_retain_until_date": "",
            "override_provider": [],
            "server_side_encryption": "AES256",
            "source": "./../data_package/knowledge_base/q4_2025_planning_notes.md",
            "source_hash": null,
            "storage_class": "STANDARD",
            "tags": {},
            "tags_all": {},
            "version_id": "qVseEPLphIqfCAbBTUXTe1aBc7XqvRyr",
            "website_redirect": ""
          },
          "sensitive_attributes": [],
          "identity_schema_version": 0,
          "private": "bnVsbA==",
          "dependencies": [
            "aws_s3_bucket.knowledge_base"
          ]
        },
        {
          "index_key": "runbook_frauddetector_model_retraining.md",
          "schema_version": 0,
          "attributes": {
            "acl": null,
            "arn": "arn:aws:s3:::geekbrain-kb-dev/knowledge_base/runbook_frauddetector_model_retraining.md",
            "bucket": "geekbrain-kb-dev",
            "bucket_key_enabled": false,
            "cache_control": "",
            "checksum_algorithm": null,
            "checksum_crc32": "",
            "checksum_crc32c": "",
            "checksum_crc64nvme": "",
            "checksum_sha1": "",
            "checksum_sha256": "",
            "content": null,
            "content_base64": null,
            "content_disposition": "",
            "content_encoding": "",
            "content_language": "",
            "content_type": "text/markdown",
            "etag": "f0c86be2e4905584f935fabd963f49ac",
            "force_destroy": false,
            "id": "knowledge_base/runbook_frauddetector_model_retraining.md",
            "key": "knowledge_base/runbook_frauddetector_model_retraining.md",
            "kms_key_id": null,
            "metadata": {},
            "object_lock_legal_hold_status": "",
            "object_lock_mode": "",
            "object_lock_retain_until_date": "",
            "override_provider": [],
            "server_side_encryption": "AES256",
            "source": "./../data_package/knowledge_base/runbook_frauddetector_model_retraining.md",
            "source_hash": null,
            "storage_class": "STANDARD",
            "tags": {},
            "tags_all": {},
            "version_id": "5cMglOfIrUU8e0GI7Wsff8_yO3pJCRkk",
            "website_redirect": ""
          },
          "sensitive_attributes": [],
          "identity_schema_version": 0,
          "private": "bnVsbA==",
          "dependencies": [
            "aws_s3_bucket.knowledge_base"
          ]
        },
        {
          "index_key": "runbook_paymentgw_circuit_breaker.md",
          "schema_version": 0,
          "attributes": {
            "acl": null,
            "arn": "arn:aws:s3:::geekbrain-kb-dev/knowledge_base/runbook_paymentgw_circuit_breaker.md",
            "bucket": "geekbrain-kb-dev",
            "bucket_key_enabled": false,
            "cache_control": "",
            "checksum_algorithm": null,
            "checksum_crc32": "",
            "checksum_crc32c": "",
            "checksum_crc64nvme": "",
            "checksum_sha1": "",
            "checksum_sha256": "",
            "content": null,
            "content_base64": null,
            "content_disposition": "",
            "content_encoding": "",
            "content_language": "",
            "content_type": "text/markdown",
            "etag": "3c598ff5717d3d08ae4b569545bb83cd",
            "force_destroy": false,
            "id": "knowledge_base/runbook_paymentgw_circuit_breaker.md",
            "key": "knowledge_base/runbook_paymentgw_circuit_breaker.md",
            "kms_key_id": null,
            "metadata": {},
            "object_lock_legal_hold_status": "",
            "object_lock_mode": "",
            "object_lock_retain_until_date": "",
            "override_provider": [],
            "server_side_encryption": "AES256",
            "source": "./../data_package/knowledge_base/runbook_paymentgw_circuit_breaker.md",
            "source_hash": null,
            "storage_class": "STANDARD",
            "tags": {},
            "tags_all": {},
            "version_id": "iuPz3bijcwMgz10ICUOictdogUSxUO1G",
            "website_redirect": ""
          },
          "sensitive_attributes": [],
          "identity_schema_version": 0,
          "private": "bnVsbA==",
          "dependencies": [
            "aws_s3_bucket.knowledge_base"
          ]
        },
        {
          "index_key": "security_policy.md",
          "schema_version": 0,
          "attributes": {
            "acl": null,
            "arn": "arn:aws:s3:::geekbrain-kb-dev/knowledge_base/security_policy.md",
            "bucket": "geekbrain-kb-dev",
            "bucket_key_enabled": false,
            "cache_control": "",
            "checksum_algorithm": null,
            "checksum_crc32": "",
            "checksum_crc32c": "",
            "checksum_crc64nvme": "",
            "checksum_sha1": "",
            "checksum_sha256": "",
            "content": null,
            "content_base64": null,
            "content_disposition": "",
            "content_encoding": "",
            "content_language": "",
            "content_type": "text/markdown",
            "etag": "7e356549a8520bbe079cb979e5c579bd",
            "force_destroy": false,
            "id": "knowledge_base/security_policy.md",
            "key": "knowledge_base/security_policy.md",
            "kms_key_id": null,
            "metadata": {},
            "object_lock_legal_hold_status": "",
            "object_lock_mode": "",
            "object_lock_retain_until_date": "",
            "override_provider": [],
            "server_side_encryption": "AES256",
            "source": "./../data_package/knowledge_base/security_policy.md",
            "source_hash": null,
            "storage_class": "STANDARD",
            "tags": {},
            "tags_all": {},
            "version_id": "4W5.VuF9H6RVdTg7hIHICI2U1HVjhpdH",
            "website_redirect": ""
          },
          "sensitive_attributes": [],
          "identity_schema_version": 0,
          "private": "bnVsbA==",
          "dependencies": [
            "aws_s3_bucket.knowledge_base"
          ]
        },
        {
          "index_key": "service_authsvc.md",
          "schema_version": 0,
          "attributes": {
            "acl": null,
            "arn": "arn:aws:s3:::geekbrain-kb-dev/knowledge_base/service_authsvc.md",
            "bucket": "geekbrain-kb-dev",
            "bucket_key_enabled": false,
            "cache_control": "",
            "checksum_algorithm": null,
            "checksum_crc32": "",
            "checksum_crc32c": "",
            "checksum_crc64nvme": "",
            "checksum_sha1": "",
            "checksum_sha256": "",
            "content": null,
            "content_base64": null,
            "content_disposition": "",
            "content_encoding": "",
            "content_language": "",
            "content_type": "text/markdown",
            "etag": "fade7ada735065ce9149395dd11e2e99",
            "force_destroy": false,
            "id": "knowledge_base/service_authsvc.md",
            "key": "knowledge_base/service_authsvc.md",
            "kms_key_id": null,
            "metadata": {},
            "object_lock_legal_hold_status": "",
            "object_lock_mode": "",
            "object_lock_retain_until_date": "",
            "override_provider": [],
            "server_side_encryption": "AES256",
            "source": "./../data_package/knowledge_base/service_authsvc.md",
            "source_hash": null,
            "storage_class": "STANDARD",
            "tags": {},
            "tags_all": {},
            "version_id": "ZCAjYfKDQiDGXV6advGoV2hmLVXargyQ",
            "website_redirect": ""
          },
          "sensitive_attributes": [],
          "identity_schema_version": 0,
          "private": "bnVsbA==",
          "dependencies": [
            "aws_s3_bucket.knowledge_base"
          ]
        },
        {
          "index_key": "service_frauddetector.md",
          "schema_version": 0,
          "attributes": {
            "acl": null,
            "arn": "arn:aws:s3:::geekbrain-kb-dev/knowledge_base/service_frauddetector.md",
            "bucket": "geekbrain-kb-dev",
            "bucket_key_enabled": false,
            "cache_control": "",
            "checksum_algorithm": null,
            "checksum_crc32": "",
            "checksum_crc32c": "",
            "checksum_crc64nvme": "",
            "checksum_sha1": "",
            "checksum_sha256": "",
            "content": null,
            "content_base64": null,
            "content_disposition": "",
            "content_encoding": "",
            "content_language": "",
            "content_type": "text/markdown",
            "etag": "eb043050cb405908428e7676007fe06a",
            "force_destroy": false,
            "id": "knowledge_base/service_frauddetector.md",
            "key": "knowledge_base/service_frauddetector.md",
            "kms_key_id": null,
            "metadata": {},
            "object_lock_legal_hold_status": "",
            "object_lock_mode": "",
            "object_lock_retain_until_date": "",
            "override_provider": [],
            "server_side_encryption": "AES256",
            "source": "./../data_package/knowledge_base/service_frauddetector.md",
            "source_hash": null,
            "storage_class": "STANDARD",
            "tags": {},
            "tags_all": {},
            "version_id": "WHNMmhurdaEbOIIRbsLdpS58zuFAgHdO",
            "website_redirect": ""
          },
          "sensitive_attributes": [],
          "identity_schema_version": 0,
          "private": "bnVsbA==",
          "dependencies": [
            "aws_s3_bucket.knowledge_base"
          ]
        },
        {
          "index_key": "service_notificationsvc.md",
          "schema_version": 0,
          "attributes": {
            "acl": null,
            "arn": "arn:aws:s3:::geekbrain-kb-dev/knowledge_base/service_notificationsvc.md",
            "bucket": "geekbrain-kb-dev",
            "bucket_key_enabled": false,
            "cache_control": "",
            "checksum_algorithm": null,
            "checksum_crc32": "",
            "checksum_crc32c": "",
            "checksum_crc64nvme": "",
            "checksum_sha1": "",
            "checksum_sha256": "",
            "content": null,
            "content_base64": null,
            "content_disposition": "",
            "content_encoding": "",
            "content_language": "",
            "content_type": "text/markdown",
            "etag": "790d0b8aa4ecf4dd7dc566c99948c665",
            "force_destroy": false,
            "id": "knowledge_base/service_notificationsvc.md",
            "key": "knowledge_base/service_notificationsvc.md",
            "kms_key_id": null,
            "metadata": {},
            "object_lock_legal_hold_status": "",
            "object_lock_mode": "",
            "object_lock_retain_until_date": "",
            "override_provider": [],
            "server_side_encryption": "AES256",
            "source": "./../data_package/knowledge_base/service_notificationsvc.md",
            "source_hash": null,
            "storage_class": "STANDARD",
            "tags": {},
            "tags_all": {},
            "version_id": "OPwXqeRg_DXu02B_phiMUCpRpzTRjhAJ",
            "website_redirect": ""
          },
          "sensitive_attributes": [],
          "identity_schema_version": 0,
          "private": "bnVsbA==",
          "dependencies": [
            "aws_s3_bucket.knowledge_base"
          ]
        },
        {
          "index_key": "service_ordersvc.md",
          "schema_version": 0,
          "attributes": {
            "acl": null,
            "arn": "arn:aws:s3:::geekbrain-kb-dev/knowledge_base/service_ordersvc.md",
            "bucket": "geekbrain-kb-dev",
            "bucket_key_enabled": false,
            "cache_control": "",
            "checksum_algorithm": null,
            "checksum_crc32": "",
            "checksum_crc32c": "",
            "checksum_crc64nvme": "",
            "checksum_sha1": "",
            "checksum_sha256": "",
            "content": null,
            "content_base64": null,
            "content_disposition": "",
            "content_encoding": "",
            "content_language": "",
            "content_type": "text/markdown",
            "etag": "ac8276033349f67f8d303fa1553d2ca9",
            "force_destroy": false,
            "id": "knowledge_base/service_ordersvc.md",
            "key": "knowledge_base/service_ordersvc.md",
            "kms_key_id": null,
            "metadata": {},
            "object_lock_legal_hold_status": "",
            "object_lock_mode": "",
            "object_lock_retain_until_date": "",
            "override_provider": [],
            "server_side_encryption": "AES256",
            "source": "./../data_package/knowledge_base/service_ordersvc.md",
            "source_hash": null,
            "storage_class": "STANDARD",
            "tags": {},
            "tags_all": {},
            "version_id": "Kiv9bSwDz4jVlzT4xqVhOUcPU9Ib0wUW",
            "website_redirect": ""
          },
          "sensitive_attributes": [],
          "identity_schema_version": 0,
          "private": "bnVsbA==",
          "dependencies": [
            "aws_s3_bucket.knowledge_base"
          ]
        },
        {
          "index_key": "service_paymentgw.md",
          "schema_version": 0,
          "attributes": {
            "acl": null,
            "arn": "arn:aws:s3:::geekbrain-kb-dev/knowledge_base/service_paymentgw.md",
            "bucket": "geekbrain-kb-dev",
            "bucket_key_enabled": false,
            "cache_control": "",
            "checksum_algorithm": null,
            "checksum_crc32": "",
            "checksum_crc32c": "",
            "checksum_crc64nvme": "",
            "checksum_sha1": "",
            "checksum_sha256": "",
            "content": null,
            "content_base64": null,
            "content_disposition": "",
            "content_encoding": "",
            "content_language": "",
            "content_type": "text/markdown",
            "etag": "a76da0e5fccd27d17a8fa1add96ddc58",
            "force_destroy": false,
            "id": "knowledge_base/service_paymentgw.md",
            "key": "knowledge_base/service_paymentgw.md",
            "kms_key_id": null,
            "metadata": {},
            "object_lock_legal_hold_status": "",
            "object_lock_mode": "",
            "object_lock_retain_until_date": "",
            "override_provider": [],
            "server_side_encryption": "AES256",
            "source": "./../data_package/knowledge_base/service_paymentgw.md",
            "source_hash": null,
            "storage_class": "STANDARD",
            "tags": {},
            "tags_all": {},
            "version_id": "fd.8wAAIxIHm35buTyHMv6YliLJhVIR3",
            "website_redirect": ""
          },
          "sensitive_attributes": [],
          "identity_schema_version": 0,
          "private": "bnVsbA==",
          "dependencies": [
            "aws_s3_bucket.knowledge_base"
          ]
        },
        {
          "index_key": "service_reportingsvc.md",
          "schema_version": 0,
          "attributes": {
            "acl": null,
            "arn": "arn:aws:s3:::geekbrain-kb-dev/knowledge_base/service_reportingsvc.md",
            "bucket": "geekbrain-kb-dev",
            "bucket_key_enabled": false,
            "cache_control": "",
            "checksum_algorithm": null,
            "checksum_crc32": "",
            "checksum_crc32c": "",
            "checksum_crc64nvme": "",
            "checksum_sha1": "",
            "checksum_sha256": "",
            "content": null,
            "content_base64": null,
            "content_disposition": "",
            "content_encoding": "",
            "content_language": "",
            "content_type": "text/markdown",
            "etag": "e606f042010b575d0a42598efe92b420",
            "force_destroy": false,
            "id": "knowledge_base/service_reportingsvc.md",
            "key": "knowledge_base/service_reportingsvc.md",
            "kms_key_id": null,
            "metadata": {},
            "object_lock_legal_hold_status": "",
            "object_lock_mode": "",
            "object_lock_retain_until_date": "",
            "override_provider": [],
            "server_side_encryption": "AES256",
            "source": "./../data_package/knowledge_base/service_reportingsvc.md",
            "source_hash": null,
            "storage_class": "STANDARD",
            "tags": {},
            "tags_all": {},
            "version_id": "V3KQ5yY978SNEKCfpXmYoQU9sJZl6m0V",
            "website_redirect": ""
          },
          "sensitive_attributes": [],
          "identity_schema_version": 0,
          "private": "bnVsbA==",
          "dependencies": [
            "aws_s3_bucket.knowledge_base"
          ]
        },
        {
          "index_key": "sla_policy.md",
          "schema_version": 0,
          "attributes": {
            "acl": null,
            "arn": "arn:aws:s3:::geekbrain-kb-dev/knowledge_base/sla_policy.md",
            "bucket": "geekbrain-kb-dev",
            "bucket_key_enabled": false,
            "cache_control": "",
            "checksum_algorithm": null,
            "checksum_crc32": "",
            "checksum_crc32c": "",
            "checksum_crc64nvme": "",
            "checksum_sha1": "",
            "checksum_sha256": "",
            "content": null,
            "content_base64": null,
            "content_disposition": "",
            "content_encoding": "",
            "content_language": "",
            "content_type": "text/markdown",
            "etag": "447120d09c59e3befb26c5a7b073e169",
            "force_destroy": false,
            "id": "knowledge_base/sla_policy.md",
            "key": "knowledge_base/sla_policy.md",
            "kms_key_id": null,
            "metadata": {},
            "object_lock_legal_hold_status": "",
            "object_lock_mode": "",
            "object_lock_retain_until_date": "",
            "override_provider": [],
            "server_side_encryption": "AES256",
            "source": "./../data_package/knowledge_base/sla_policy.md",
            "source_hash": null,
            "storage_class": "STANDARD",
            "tags": {},
            "tags_all": {},
            "version_id": "LoxeFpQaSg35rVAAKBpEZQwuJV24YVvV",
            "website_redirect": ""
          },
          "sensitive_attributes": [],
          "identity_schema_version": 0,
          "private": "bnVsbA==",
          "dependencies": [
            "aws_s3_bucket.knowledge_base"
          ]
        },
        {
          "index_key": "team_commerce.md",
          "schema_version": 0,
          "attributes": {
            "acl": null,
            "arn": "arn:aws:s3:::geekbrain-kb-dev/knowledge_base/team_commerce.md",
            "bucket": "geekbrain-kb-dev",
            "bucket_key_enabled": false,
            "cache_control": "",
            "checksum_algorithm": null,
            "checksum_crc32": "",
            "checksum_crc32c": "",
            "checksum_crc64nvme": "",
            "checksum_sha1": "",
            "checksum_sha256": "",
            "content": null,
            "content_base64": null,
            "content_disposition": "",
            "content_encoding": "",
            "content_language": "",
            "content_type": "text/markdown",
            "etag": "a1deda57a45eb7565180ab547e0d2248",
            "force_destroy": false,
            "id": "knowledge_base/team_commerce.md",
            "key": "knowledge_base/team_commerce.md",
            "kms_key_id": null,
            "metadata": {},
            "object_lock_legal_hold_status": "",
            "object_lock_mode": "",
            "object_lock_retain_until_date": "",
            "override_provider": [],
            "server_side_encryption": "AES256",
            "source": "./../data_package/knowledge_base/team_commerce.md",
            "source_hash": null,
            "storage_class": "STANDARD",
            "tags": {},
            "tags_all": {},
            "version_id": "LWi4lKCzV4iV3DaSfqdzryk1IFMebpOX",
            "website_redirect": ""
          },
          "sensitive_attributes": [],
          "identity_schema_version": 0,
          "private": "bnVsbA==",
          "dependencies": [
            "aws_s3_bucket.knowledge_base"
          ]
        },
        {
          "index_key": "team_data.md",
          "schema_version": 0,
          "attributes": {
            "acl": null,
            "arn": "arn:aws:s3:::geekbrain-kb-dev/knowledge_base/team_data.md",
            "bucket": "geekbrain-kb-dev",
            "bucket_key_enabled": false,
            "cache_control": "",
            "checksum_algorithm": null,
            "checksum_crc32": "",
            "checksum_crc32c": "",
            "checksum_crc64nvme": "",
            "checksum_sha1": "",
            "checksum_sha256": "",
            "content": null,
            "content_base64": null,
            "content_disposition": "",
            "content_encoding": "",
            "content_language": "",
            "content_type": "text/markdown",
            "etag": "b728720983f8676ec913bf4d0f4eab38",
            "force_destroy": false,
            "id": "knowledge_base/team_data.md",
            "key": "knowledge_base/team_data.md",
            "kms_key_id": null,
            "metadata": {},
            "object_lock_legal_hold_status": "",
            "object_lock_mode": "",
            "object_lock_retain_until_date": "",
            "override_provider": [],
            "server_side_encryption": "AES256",
            "source": "./../data_package/knowledge_base/team_data.md",
            "source_hash": null,
            "storage_class": "STANDARD",
            "tags": {},
            "tags_all": {},
            "version_id": "pp5gvp81T3sqXkSYtiFS5jp57x.CUkrV",
            "website_redirect": ""
          },
          "sensitive_attributes": [],
          "identity_schema_version": 0,
          "private": "bnVsbA==",
          "dependencies": [
            "aws_s3_bucket.knowledge_base"
          ]
        },
        {
          "index_key": "team_engagement.md",
          "schema_version": 0,
          "attributes": {
            "acl": null,
            "arn": "arn:aws:s3:::geekbrain-kb-dev/knowledge_base/team_engagement.md",
            "bucket": "geekbrain-kb-dev",
            "bucket_key_enabled": false,
            "cache_control": "",
            "checksum_algorithm": null,
            "checksum_crc32": "",
            "checksum_crc32c": "",
            "checksum_crc64nvme": "",
            "checksum_sha1": "",
            "checksum_sha256": "",
            "content": null,
            "content_base64": null,
            "content_disposition": "",
            "content_encoding": "",
            "content_language": "",
            "content_type": "text/markdown",
            "etag": "275db4c53e14b00c283d512a92b59f30",
            "force_destroy": false,
            "id": "knowledge_base/team_engagement.md",
            "key": "knowledge_base/team_engagement.md",
            "kms_key_id": null,
            "metadata": {},
            "object_lock_legal_hold_status": "",
            "object_lock_mode": "",
            "object_lock_retain_until_date": "",
            "override_provider": [],
            "server_side_encryption": "AES256",
            "source": "./../data_package/knowledge_base/team_engagement.md",
            "source_hash": null,
            "storage_class": "STANDARD",
            "tags": {},
            "tags_all": {},
            "version_id": "yRlUV5SN7gfEvEOtuVNzdNDoLbbjJgIl",
            "website_redirect": ""
          },
          "sensitive_attributes": [],
          "identity_schema_version": 0,
          "private": "bnVsbA==",
          "dependencies": [
            "aws_s3_bucket.knowledge_base"
          ]
        },
        {
          "index_key": "team_platform.md",
          "schema_version": 0,
          "attributes": {
            "acl": null,
            "arn": "arn:aws:s3:::geekbrain-kb-dev/knowledge_base/team_platform.md",
            "bucket": "geekbrain-kb-dev",
            "bucket_key_enabled": false,
            "cache_control": "",
            "checksum_algorithm": null,
            "checksum_crc32": "",
            "checksum_crc32c": "",
            "checksum_crc64nvme": "",
            "checksum_sha1": "",
            "checksum_sha256": "",
            "content": null,
            "content_base64": null,
            "content_disposition": "",
            "content_encoding": "",
            "content_language": "",
            "content_type": "text/markdown",
            "etag": "d93e8fe1394485b112298f48225f6526",
            "force_destroy": false,
            "id": "knowledge_base/team_platform.md",
            "key": "knowledge_base/team_platform.md",
            "kms_key_id": null,
            "metadata": {},
            "object_lock_legal_hold_status": "",
            "object_lock_mode": "",
            "object_lock_retain_until_date": "",
            "override_provider": [],
            "server_side_encryption": "AES256",
            "source": "./../data_package/knowledge_base/team_platform.md",
            "source_hash": null,
            "storage_class": "STANDARD",
            "tags": {},
            "tags_all": {},
            "version_id": "vm6t3Oivp7xkHoWt8_lfFqWJJBFiJFVb",
            "website_redirect": ""
          },
          "sensitive_attributes": [],
          "identity_schema_version": 0,
          "private": "bnVsbA==",
          "dependencies": [
            "aws_s3_bucket.knowledge_base"
          ]
        },
        {
          "index_key": "tech_radar_2026.md",
          "schema_version": 0,
          "attributes": {
            "acl": null,
            "arn": "arn:aws:s3:::geekbrain-kb-dev/knowledge_base/tech_radar_2026.md",
            "bucket": "geekbrain-kb-dev",
            "bucket_key_enabled": false,
            "cache_control": "",
            "checksum_algorithm": null,
            "checksum_crc32": "",
            "checksum_crc32c": "",
            "checksum_crc64nvme": "",
            "checksum_sha1": "",
            "checksum_sha256": "",
            "content": null,
            "content_base64": null,
            "content_disposition": "",
            "content_encoding": "",
            "content_language": "",
            "content_type": "text/markdown",
            "etag": "91da863313712bd5e9b930815a537c37",
            "force_destroy": false,
            "id": "knowledge_base/tech_radar_2026.md",
            "key": "knowledge_base/tech_radar_2026.md",
            "kms_key_id": null,
            "metadata": {},
            "object_lock_legal_hold_status": "",
            "object_lock_mode": "",
            "object_lock_retain_until_date": "",
            "override_provider": [],
            "server_side_encryption": "AES256",
            "source": "./../data_package/knowledge_base/tech_radar_2026.md",
            "source_hash": null,
            "storage_class": "STANDARD",
            "tags": {},
            "tags_all": {},
            "version_id": "31T7tqd5j2qRpQ1AdGjhJmUCvXyGTvAV",
            "website_redirect": ""
          },
          "sensitive_attributes": [],
          "identity_schema_version": 0,
          "private": "bnVsbA==",
          "dependencies": [
            "aws_s3_bucket.knowledge_base"
          ]
        },
        {
          "index_key": "weekly_standup_mar10_2026.md",
          "schema_version": 0,
          "attributes": {
            "acl": null,
            "arn": "arn:aws:s3:::geekbrain-kb-dev/knowledge_base/weekly_standup_mar10_2026.md",
            "bucket": "geekbrain-kb-dev",
            "bucket_key_enabled": false,
            "cache_control": "",
            "checksum_algorithm": null,
            "checksum_crc32": "",
            "checksum_crc32c": "",
            "checksum_crc64nvme": "",
            "checksum_sha1": "",
            "checksum_sha256": "",
            "content": null,
            "content_base64": null,
            "content_disposition": "",
            "content_encoding": "",
            "content_language": "",
            "content_type": "text/markdown",
            "etag": "bf67dbeb1d5931da24451d317ca01838",
            "force_destroy": false,
            "id": "knowledge_base/weekly_standup_mar10_2026.md",
            "key": "knowledge_base/weekly_standup_mar10_2026.md",
            "kms_key_id": null,
            "metadata": {},
            "object_lock_legal_hold_status": "",
            "object_lock_mode": "",
            "object_lock_retain_until_date": "",
            "override_provider": [],
            "server_side_encryption": "AES256",
            "source": "./../data_package/knowledge_base/weekly_standup_mar10_2026.md",
            "source_hash": null,
            "storage_class": "STANDARD",
            "tags": {},
            "tags_all": {},
            "version_id": "WPxoJ6L1irGoAh9t3WqsxkZrTw4ElunA",
            "website_redirect": ""
          },
          "sensitive_attributes": [],
          "identity_schema_version": 0,
          "private": "bnVsbA==",
          "dependencies": [
            "aws_s3_bucket.knowledge_base"
          ]
        }
      ]
    },
    {
      "mode": "managed",
      "type": "null_resource",
      "name": "create_opensearch_index",
      "provider": "provider[\"registry.terraform.io/hashicorp/null\"]",
      "instances": [
        {
          "status": "tainted",
          "schema_version": 0,
          "attributes": {
            "id": "6228589029875707382",
            "triggers": {
              "always_run": "2026-05-07T04:54:58Z",
              "collection_endpoint": "https://26grg5brr182b6172spk.us-east-1.aoss.amazonaws.com"
            }
          },
          "sensitive_attributes": [],
          "identity_schema_version": 0,
          "dependencies": [
            "aws_iam_role.bedrock_kb_role",
            "aws_opensearchserverless_access_policy.kb_data_access",
            "aws_opensearchserverless_collection.kb_vector_store",
            "aws_opensearchserverless_security_policy.kb_encryption",
            "aws_opensearchserverless_security_policy.kb_network",
            "data.aws_caller_identity.current",
            "time_sleep.wait_for_collection"
          ]
        }
      ]
    },
    {
      "mode": "managed",
      "type": "time_sleep",
      "name": "wait_for_collection",
      "provider": "provider[\"registry.terraform.io/hashicorp/time\"]",
      "instances": [
        {
          "schema_version": 0,
          "attributes": {
            "create_duration": "120s",
            "destroy_duration": null,
            "id": "2026-05-07T04:46:52Z",
            "triggers": null
          },
          "sensitive_attributes": [],
          "identity_schema_version": 0,
          "dependencies": [
            "aws_iam_role.bedrock_kb_role",
            "aws_opensearchserverless_access_policy.kb_data_access",
            "aws_opensearchserverless_collection.kb_vector_store",
            "aws_opensearchserverless_security_policy.kb_encryption",
            "aws_opensearchserverless_security_policy.kb_network",
            "data.aws_caller_identity.current"
          ]
        }
      ]
    }
  ],
  "check_results": null
}
